// !$*UTF8*$!
{
	archiveVersion = 1;
	classes = {
	};
	objectVersion = 46;
	objects = {

/* Begin PBXBuildFile section */
		2D9864A91E655EA1007DE884 /* main.m in Sources */ = {isa = PBXBuildFile; fileRef = 2D9864A81E655EA1007DE884 /* main.m */; };
		2D9864B21E655EA1007DE884 /* Main.storyboard in Resources */ = {isa = PBXBuildFile; fileRef = 2D9864B01E655EA1007DE884 /* Main.storyboard */; };
		2D9864B41E655EA1007DE884 /* Assets.xcassets in Resources */ = {isa = PBXBuildFile; fileRef = 2D9864B31E655EA1007DE884 /* Assets.xcassets */; };
		2D9864B71E655EA1007DE884 /* LaunchScreen.storyboard in Resources */ = {isa = PBXBuildFile; fileRef = 2D9864B51E655EA1007DE884 /* LaunchScreen.storyboard */; };
		2D9864C21E655EA1007DE884 /* CYPhotoLibraryTests.m in Sources */ = {isa = PBXBuildFile; fileRef = 2D9864C11E655EA1007DE884 /* CYPhotoLibraryTests.m */; };
		2D9864CD1E655EA1007DE884 /* CYPhotoLibraryUITests.m in Sources */ = {isa = PBXBuildFile; fileRef = 2D9864CC1E655EA1007DE884 /* CYPhotoLibraryUITests.m */; };
		2D9864E01E655F23007DE884 /* CYCollectionViewCell.m in Sources */ = {isa = PBXBuildFile; fileRef = 2D9864DE1E655F23007DE884 /* CYCollectionViewCell.m */; };
		2D9864E11E655F23007DE884 /* CYCollectionViewCell.xib in Resources */ = {isa = PBXBuildFile; fileRef = 2D9864DF1E655F23007DE884 /* CYCollectionViewCell.xib */; };
		2D9864E51E65609F007DE884 /* AppDelegate.m in Sources */ = {isa = PBXBuildFile; fileRef = 2D9864E41E65609F007DE884 /* AppDelegate.m */; };
		2D9864E81E6560A8007DE884 /* ViewController.m in Sources */ = {isa = PBXBuildFile; fileRef = 2D9864E61E6560A8007DE884 /* ViewController.m */; };
		2D9865241E657C5D007DE884 /* CYPhoto.m in Sources */ = {isa = PBXBuildFile; fileRef = 2D9865231E657C5D007DE884 /* CYPhoto.m */; };
		BB4434767C56350A097F59A9 /* Pods_CYPhotoLibrary.framework in Frameworks */ = {isa = PBXBuildFile; fileRef = E484406C4F6BCD356B89FB6F /* Pods_CYPhotoLibrary.framework */; };
/* End PBXBuildFile section */

/* Begin PBXContainerItemProxy section */
		2D9864BE1E655EA1007DE884 /* PBXContainerItemProxy */ = {
			isa = PBXContainerItemProxy;
			containerPortal = 2D98649C1E655EA1007DE884 /* Project object */;
			proxyType = 1;
			remoteGlobalIDString = 2D9864A31E655EA1007DE884;
			remoteInfo = CYPhotoLibrary;
		};
		2D9864C91E655EA1007DE884 /* PBXContainerItemProxy */ = {
			isa = PBXContainerItemProxy;
			containerPortal = 2D98649C1E655EA1007DE884 /* Project object */;
			proxyType = 1;
			remoteGlobalIDString = 2D9864A31E655EA1007DE884;
			remoteInfo = CYPhotoLibrary;
		};
/* End PBXContainerItemProxy section */

/* Begin PBXFileReference section */
		2D8B7A872729C76480C09B53 /* Pods-CYPhotoLibrary.release.xcconfig */ = {isa = PBXFileReference; includeInIndex = 1; lastKnownFileType = text.xcconfig; name = "Pods-CYPhotoLibrary.release.xcconfig"; path = "Pods/Target Support Files/Pods-CYPhotoLibrary/Pods-CYPhotoLibrary.release.xcconfig"; sourceTree = "<group>"; };
		2D9864A41E655EA1007DE884 /* CYPhotoLibrary.app */ = {isa = PBXFileReference; explicitFileType = wrapper.application; includeInIndex = 0; path = CYPhotoLibrary.app; sourceTree = BUILT_PRODUCTS_DIR; };
		2D9864A81E655EA1007DE884 /* main.m */ = {isa = PBXFileReference; lastKnownFileType = sourcecode.c.objc; path = main.m; sourceTree = "<group>"; };
		2D9864B11E655EA1007DE884 /* Base */ = {isa = PBXFileReference; lastKnownFileType = file.storyboard; name = Base; path = Base.lproj/Main.storyboard; sourceTree = "<group>"; };
		2D9864B31E655EA1007DE884 /* Assets.xcassets */ = {isa = PBXFileReference; lastKnownFileType = folder.assetcatalog; path = Assets.xcassets; sourceTree = "<group>"; };
		2D9864B61E655EA1007DE884 /* Base */ = {isa = PBXFileReference; lastKnownFileType = file.storyboard; name = Base; path = Base.lproj/LaunchScreen.storyboard; sourceTree = "<group>"; };
		2D9864B81E655EA1007DE884 /* Info.plist */ = {isa = PBXFileReference; lastKnownFileType = text.plist.xml; path = Info.plist; sourceTree = "<group>"; };
		2D9864BD1E655EA1007DE884 /* CYPhotoLibraryTests.xctest */ = {isa = PBXFileReference; explicitFileType = wrapper.cfbundle; includeInIndex = 0; path = CYPhotoLibraryTests.xctest; sourceTree = BUILT_PRODUCTS_DIR; };
		2D9864C11E655EA1007DE884 /* CYPhotoLibraryTests.m */ = {isa = PBXFileReference; lastKnownFileType = sourcecode.c.objc; path = CYPhotoLibraryTests.m; sourceTree = "<group>"; };
		2D9864C31E655EA1007DE884 /* Info.plist */ = {isa = PBXFileReference; lastKnownFileType = text.plist.xml; path = Info.plist; sourceTree = "<group>"; };
		2D9864C81E655EA1007DE884 /* CYPhotoLibraryUITests.xctest */ = {isa = PBXFileReference; explicitFileType = wrapper.cfbundle; includeInIndex = 0; path = CYPhotoLibraryUITests.xctest; sourceTree = BUILT_PRODUCTS_DIR; };
		2D9864CC1E655EA1007DE884 /* CYPhotoLibraryUITests.m */ = {isa = PBXFileReference; lastKnownFileType = sourcecode.c.objc; path = CYPhotoLibraryUITests.m; sourceTree = "<group>"; };
		2D9864CE1E655EA1007DE884 /* Info.plist */ = {isa = PBXFileReference; lastKnownFileType = text.plist.xml; path = Info.plist; sourceTree = "<group>"; };
		2D9864DD1E655F23007DE884 /* CYCollectionViewCell.h */ = {isa = PBXFileReference; fileEncoding = 4; lastKnownFileType = sourcecode.c.h; path = CYCollectionViewCell.h; sourceTree = "<group>"; };
		2D9864DE1E655F23007DE884 /* CYCollectionViewCell.m */ = {isa = PBXFileReference; fileEncoding = 4; lastKnownFileType = sourcecode.c.objc; path = CYCollectionViewCell.m; sourceTree = "<group>"; };
		2D9864DF1E655F23007DE884 /* CYCollectionViewCell.xib */ = {isa = PBXFileReference; fileEncoding = 4; lastKnownFileType = file.xib; path = CYCollectionViewCell.xib; sourceTree = "<group>"; };
		2D9864E31E65609F007DE884 /* AppDelegate.h */ = {isa = PBXFileReference; fileEncoding = 4; lastKnownFileType = sourcecode.c.h; path = AppDelegate.h; sourceTree = "<group>"; };
		2D9864E41E65609F007DE884 /* AppDelegate.m */ = {isa = PBXFileReference; fileEncoding = 4; lastKnownFileType = sourcecode.c.objc; path = AppDelegate.m; sourceTree = "<group>"; };
		2D9864E61E6560A8007DE884 /* ViewController.m */ = {isa = PBXFileReference; fileEncoding = 4; lastKnownFileType = sourcecode.c.objc; path = ViewController.m; sourceTree = "<group>"; };
		2D9864E71E6560A8007DE884 /* ViewController.h */ = {isa = PBXFileReference; fileEncoding = 4; lastKnownFileType = sourcecode.c.h; path = ViewController.h; sourceTree = "<group>"; };
		2D9865201E6561C7007DE884 /* PrefixHeader.pch */ = {isa = PBXFileReference; fileEncoding = 4; lastKnownFileType = sourcecode.c.h; path = PrefixHeader.pch; sourceTree = "<group>"; };
		2D9865221E657C5D007DE884 /* CYPhoto.h */ = {isa = PBXFileReference; fileEncoding = 4; lastKnownFileType = sourcecode.c.h; path = CYPhoto.h; sourceTree = "<group>"; };
		2D9865231E657C5D007DE884 /* CYPhoto.m */ = {isa = PBXFileReference; fileEncoding = 4; lastKnownFileType = sourcecode.c.objc; path = CYPhoto.m; sourceTree = "<group>"; };
		DBD932DF5B96BFF459BF6D03 /* Pods-CYPhotoLibrary.debug.xcconfig */ = {isa = PBXFileReference; includeInIndex = 1; lastKnownFileType = text.xcconfig; name = "Pods-CYPhotoLibrary.debug.xcconfig"; path = "Pods/Target Support Files/Pods-CYPhotoLibrary/Pods-CYPhotoLibrary.debug.xcconfig"; sourceTree = "<group>"; };
		E484406C4F6BCD356B89FB6F /* Pods_CYPhotoLibrary.framework */ = {isa = PBXFileReference; explicitFileType = wrapper.framework; includeInIndex = 0; path = Pods_CYPhotoLibrary.framework; sourceTree = BUILT_PRODUCTS_DIR; };
/* End PBXFileReference section */

/* Begin PBXFrameworksBuildPhase section */
		2D9864A11E655EA1007DE884 /* Frameworks */ = {
			isa = PBXFrameworksBuildPhase;
			buildActionMask = 2147483647;
			files = (
				BB4434767C56350A097F59A9 /* Pods_CYPhotoLibrary.framework in Frameworks */,
			);
			runOnlyForDeploymentPostprocessing = 0;
		};
		2D9864BA1E655EA1007DE884 /* Frameworks */ = {
			isa = PBXFrameworksBuildPhase;
			buildActionMask = 2147483647;
			files = (
			);
			runOnlyForDeploymentPostprocessing = 0;
		};
		2D9864C51E655EA1007DE884 /* Frameworks */ = {
			isa = PBXFrameworksBuildPhase;
			buildActionMask = 2147483647;
			files = (
			);
			runOnlyForDeploymentPostprocessing = 0;
		};
/* End PBXFrameworksBuildPhase section */

/* Begin PBXGroup section */
		075B8D6A18792963FA9768D5 /* Frameworks */ = {
			isa = PBXGroup;
			children = (
				E484406C4F6BCD356B89FB6F /* Pods_CYPhotoLibrary.framework */,
			);
			name = Frameworks;
			sourceTree = "<group>";
		};
		2D98649B1E655EA1007DE884 = {
			isa = PBXGroup;
			children = (
				2D9864A61E655EA1007DE884 /* CYPhotoLibrary */,
				2D9864C01E655EA1007DE884 /* CYPhotoLibraryTests */,
				2D9864CB1E655EA1007DE884 /* CYPhotoLibraryUITests */,
				2D9864A51E655EA1007DE884 /* Products */,
				E78AB35F2B892B3C689F55BA /* Pods */,
				075B8D6A18792963FA9768D5 /* Frameworks */,
			);
			sourceTree = "<group>";
		};
		2D9864A51E655EA1007DE884 /* Products */ = {
			isa = PBXGroup;
			children = (
				2D9864A41E655EA1007DE884 /* CYPhotoLibrary.app */,
				2D9864BD1E655EA1007DE884 /* CYPhotoLibraryTests.xctest */,
				2D9864C81E655EA1007DE884 /* CYPhotoLibraryUITests.xctest */,
			);
			name = Products;
			sourceTree = "<group>";
		};
		2D9864A61E655EA1007DE884 /* CYPhotoLibrary */ = {
			isa = PBXGroup;
			children = (
				2D9864E21E65609F007DE884 /* Other */,
				2D9864DA1E655F23007DE884 /* UI */,
				2D9864B01E655EA1007DE884 /* Main.storyboard */,
				2D9864B31E655EA1007DE884 /* Assets.xcassets */,
				2D9864B51E655EA1007DE884 /* LaunchScreen.storyboard */,
				2D9864B81E655EA1007DE884 /* Info.plist */,
				2D9864A71E655EA1007DE884 /* Supporting Files */,
			);
			path = CYPhotoLibrary;
			sourceTree = "<group>";
		};
		2D9864A71E655EA1007DE884 /* Supporting Files */ = {
			isa = PBXGroup;
			children = (
				2D9864A81E655EA1007DE884 /* main.m */,
				2D9865201E6561C7007DE884 /* PrefixHeader.pch */,
			);
			name = "Supporting Files";
			sourceTree = "<group>";
		};
		2D9864C01E655EA1007DE884 /* CYPhotoLibraryTests */ = {
			isa = PBXGroup;
			children = (
				2D9864C11E655EA1007DE884 /* CYPhotoLibraryTests.m */,
				2D9864C31E655EA1007DE884 /* Info.plist */,
			);
			path = CYPhotoLibraryTests;
			sourceTree = "<group>";
		};
		2D9864CB1E655EA1007DE884 /* CYPhotoLibraryUITests */ = {
			isa = PBXGroup;
			children = (
				2D9864CC1E655EA1007DE884 /* CYPhotoLibraryUITests.m */,
				2D9864CE1E655EA1007DE884 /* Info.plist */,
			);
			path = CYPhotoLibraryUITests;
			sourceTree = "<group>";
		};
		2D9864DA1E655F23007DE884 /* UI */ = {
			isa = PBXGroup;
			children = (
				2D9865211E657C5D007DE884 /* Model */,
				2D9864DB1E655F23007DE884 /* Controller */,
				2D9864DC1E655F23007DE884 /* View */,
			);
			path = UI;
			sourceTree = "<group>";
		};
		2D9864DB1E655F23007DE884 /* Controller */ = {
			isa = PBXGroup;
			children = (
				2D9864E71E6560A8007DE884 /* ViewController.h */,
				2D9864E61E6560A8007DE884 /* ViewController.m */,
			);
			path = Controller;
			sourceTree = "<group>";
		};
		2D9864DC1E655F23007DE884 /* View */ = {
			isa = PBXGroup;
			children = (
				2D9864DD1E655F23007DE884 /* CYCollectionViewCell.h */,
				2D9864DE1E655F23007DE884 /* CYCollectionViewCell.m */,
				2D9864DF1E655F23007DE884 /* CYCollectionViewCell.xib */,
			);
			path = View;
			sourceTree = "<group>";
		};
		2D9864E21E65609F007DE884 /* Other */ = {
			isa = PBXGroup;
			children = (
				2D9864E31E65609F007DE884 /* AppDelegate.h */,
				2D9864E41E65609F007DE884 /* AppDelegate.m */,
			);
			path = Other;
			sourceTree = "<group>";
		};
		2D9865211E657C5D007DE884 /* Model */ = {
			isa = PBXGroup;
			children = (
				2D9865221E657C5D007DE884 /* CYPhoto.h */,
				2D9865231E657C5D007DE884 /* CYPhoto.m */,
			);
			path = Model;
			sourceTree = "<group>";
		};
		E78AB35F2B892B3C689F55BA /* Pods */ = {
			isa = PBXGroup;
			children = (
				DBD932DF5B96BFF459BF6D03 /* Pods-CYPhotoLibrary.debug.xcconfig */,
				2D8B7A872729C76480C09B53 /* Pods-CYPhotoLibrary.release.xcconfig */,
			);
			name = Pods;
			sourceTree = "<group>";
		};
/* End PBXGroup section */

/* Begin PBXNativeTarget section */
		2D9864A31E655EA1007DE884 /* CYPhotoLibrary */ = {
			isa = PBXNativeTarget;
			buildConfigurationList = 2D9864D11E655EA1007DE884 /* Build configuration list for PBXNativeTarget "CYPhotoLibrary" */;
			buildPhases = (
				9B79B62CFDACC9F36E542343 /* [CP] Check Pods Manifest.lock */,
				2D9864A01E655EA1007DE884 /* Sources */,
				2D9864A11E655EA1007DE884 /* Frameworks */,
				2D9864A21E655EA1007DE884 /* Resources */,
				C53A4225AD5F88EE5EED10A9 /* [CP] Embed Pods Frameworks */,
				6D713FA239F78F0F8491DE83 /* [CP] Copy Pods Resources */,
			);
			buildRules = (
			);
			dependencies = (
			);
			name = CYPhotoLibrary;
			productName = CYPhotoLibrary;
			productReference = 2D9864A41E655EA1007DE884 /* CYPhotoLibrary.app */;
			productType = "com.apple.product-type.application";
		};
		2D9864BC1E655EA1007DE884 /* CYPhotoLibraryTests */ = {
			isa = PBXNativeTarget;
			buildConfigurationList = 2D9864D41E655EA1007DE884 /* Build configuration list for PBXNativeTarget "CYPhotoLibraryTests" */;
			buildPhases = (
				2D9864B91E655EA1007DE884 /* Sources */,
				2D9864BA1E655EA1007DE884 /* Frameworks */,
				2D9864BB1E655EA1007DE884 /* Resources */,
			);
			buildRules = (
			);
			dependencies = (
				2D9864BF1E655EA1007DE884 /* PBXTargetDependency */,
			);
			name = CYPhotoLibraryTests;
			productName = CYPhotoLibraryTests;
			productReference = 2D9864BD1E655EA1007DE884 /* CYPhotoLibraryTests.xctest */;
			productType = "com.apple.product-type.bundle.unit-test";
		};
		2D9864C71E655EA1007DE884 /* CYPhotoLibraryUITests */ = {
			isa = PBXNativeTarget;
			buildConfigurationList = 2D9864D71E655EA1007DE884 /* Build configuration list for PBXNativeTarget "CYPhotoLibraryUITests" */;
			buildPhases = (
				2D9864C41E655EA1007DE884 /* Sources */,
				2D9864C51E655EA1007DE884 /* Frameworks */,
				2D9864C61E655EA1007DE884 /* Resources */,
			);
			buildRules = (
			);
			dependencies = (
				2D9864CA1E655EA1007DE884 /* PBXTargetDependency */,
			);
			name = CYPhotoLibraryUITests;
			productName = CYPhotoLibraryUITests;
			productReference = 2D9864C81E655EA1007DE884 /* CYPhotoLibraryUITests.xctest */;
			productType = "com.apple.product-type.bundle.ui-testing";
		};
/* End PBXNativeTarget section */

/* Begin PBXProject section */
		2D98649C1E655EA1007DE884 /* Project object */ = {
			isa = PBXProject;
			attributes = {
				LastUpgradeCheck = 0820;
				ORGANIZATIONNAME = "大兵布莱恩特";
				TargetAttributes = {
					2D9864A31E655EA1007DE884 = {
						CreatedOnToolsVersion = 8.2.1;
						DevelopmentTeam = XD3776868Q;
						ProvisioningStyle = Automatic;
					};
					2D9864BC1E655EA1007DE884 = {
						CreatedOnToolsVersion = 8.2.1;
						DevelopmentTeam = XD3776868Q;
						ProvisioningStyle = Automatic;
						TestTargetID = 2D9864A31E655EA1007DE884;
					};
					2D9864C71E655EA1007DE884 = {
						CreatedOnToolsVersion = 8.2.1;
						DevelopmentTeam = XD3776868Q;
						ProvisioningStyle = Automatic;
						TestTargetID = 2D9864A31E655EA1007DE884;
					};
				};
			};
			buildConfigurationList = 2D98649F1E655EA1007DE884 /* Build configuration list for PBXProject "CYPhotoLibrary" */;
			compatibilityVersion = "Xcode 3.2";
			developmentRegion = English;
			hasScannedForEncodings = 0;
			knownRegions = (
				en,
				Base,
			);
			mainGroup = 2D98649B1E655EA1007DE884;
			productRefGroup = 2D9864A51E655EA1007DE884 /* Products */;
			projectDirPath = "";
			projectRoot = "";
			targets = (
				2D9864A31E655EA1007DE884 /* CYPhotoLibrary */,
				2D9864BC1E655EA1007DE884 /* CYPhotoLibraryTests */,
				2D9864C71E655EA1007DE884 /* CYPhotoLibraryUITests */,
			);
		};
/* End PBXProject section */

/* Begin PBXResourcesBuildPhase section */
		2D9864A21E655EA1007DE884 /* Resources */ = {
			isa = PBXResourcesBuildPhase;
			buildActionMask = 2147483647;
			files = (
				2D9864E11E655F23007DE884 /* CYCollectionViewCell.xib in Resources */,
				2D9864B71E655EA1007DE884 /* LaunchScreen.storyboard in Resources */,
				2D9864B41E655EA1007DE884 /* Assets.xcassets in Resources */,
				2D9864B21E655EA1007DE884 /* Main.storyboard in Resources */,
			);
			runOnlyForDeploymentPostprocessing = 0;
		};
		2D9864BB1E655EA1007DE884 /* Resources */ = {
			isa = PBXResourcesBuildPhase;
			buildActionMask = 2147483647;
			files = (
			);
			runOnlyForDeploymentPostprocessing = 0;
		};
		2D9864C61E655EA1007DE884 /* Resources */ = {
			isa = PBXResourcesBuildPhase;
			buildActionMask = 2147483647;
			files = (
			);
			runOnlyForDeploymentPostprocessing = 0;
		};
/* End PBXResourcesBuildPhase section */

/* Begin PBXShellScriptBuildPhase section */
		6D713FA239F78F0F8491DE83 /* [CP] Copy Pods Resources */ = {
			isa = PBXShellScriptBuildPhase;
			buildActionMask = 2147483647;
			files = (
			);
			inputPaths = (
			);
			name = "[CP] Copy Pods Resources";
			outputPaths = (
			);
			runOnlyForDeploymentPostprocessing = 0;
			shellPath = /bin/sh;
			shellScript = "\"${SRCROOT}/Pods/Target Support Files/Pods-CYPhotoLibrary/Pods-CYPhotoLibrary-resources.sh\"\n";
			showEnvVarsInLog = 0;
		};
		9B79B62CFDACC9F36E542343 /* [CP] Check Pods Manifest.lock */ = {
			isa = PBXShellScriptBuildPhase;
			buildActionMask = 2147483647;
			files = (
			);
			inputPaths = (
			);
			name = "[CP] Check Pods Manifest.lock";
			outputPaths = (
			);
			runOnlyForDeploymentPostprocessing = 0;
			shellPath = /bin/sh;
			shellScript = "diff \"${PODS_ROOT}/../Podfile.lock\" \"${PODS_ROOT}/Manifest.lock\" > /dev/null\nif [ $? != 0 ] ; then\n    # print error to STDERR\n    echo \"error: The sandbox is not in sync with the Podfile.lock. Run 'pod install' or update your CocoaPods installation.\" >&2\n    exit 1\nfi\n";
			showEnvVarsInLog = 0;
		};
		C53A4225AD5F88EE5EED10A9 /* [CP] Embed Pods Frameworks */ = {
			isa = PBXShellScriptBuildPhase;
			buildActionMask = 2147483647;
			files = (
			);
			inputPaths = (
			);
			name = "[CP] Embed Pods Frameworks";
			outputPaths = (
			);
			runOnlyForDeploymentPostprocessing = 0;
			shellPath = /bin/sh;
			shellScript = "\"${SRCROOT}/Pods/Target Support Files/Pods-CYPhotoLibrary/Pods-CYPhotoLibrary-frameworks.sh\"\n";
			showEnvVarsInLog = 0;
		};
/* End PBXShellScriptBuildPhase section */

/* Begin PBXSourcesBuildPhase section */
		2D9864A01E655EA1007DE884 /* Sources */ = {
			isa = PBXSourcesBuildPhase;
			buildActionMask = 2147483647;
			files = (
				2D9865241E657C5D007DE884 /* CYPhoto.m in Sources */,
				2D9864E01E655F23007DE884 /* CYCollectionViewCell.m in Sources */,
				2D9864A91E655EA1007DE884 /* main.m in Sources */,
				2D9864E81E6560A8007DE884 /* ViewController.m in Sources */,
				2D9864E51E65609F007DE884 /* AppDelegate.m in Sources */,
			);
			runOnlyForDeploymentPostprocessing = 0;
		};
		2D9864B91E655EA1007DE884 /* Sources */ = {
			isa = PBXSourcesBuildPhase;
			buildActionMask = 2147483647;
			files = (
				2D9864C21E655EA1007DE884 /* CYPhotoLibraryTests.m in Sources */,
			);
			runOnlyForDeploymentPostprocessing = 0;
		};
		2D9864C41E655EA1007DE884 /* Sources */ = {
			isa = PBXSourcesBuildPhase;
			buildActionMask = 2147483647;
			files = (
				2D9864CD1E655EA1007DE884 /* CYPhotoLibraryUITests.m in Sources */,
			);
			runOnlyForDeploymentPostprocessing = 0;
		};
/* End PBXSourcesBuildPhase section */

/* Begin PBXTargetDependency section */
		2D9864BF1E655EA1007DE884 /* PBXTargetDependency */ = {
			isa = PBXTargetDependency;
			target = 2D9864A31E655EA1007DE884 /* CYPhotoLibrary */;
			targetProxy = 2D9864BE1E655EA1007DE884 /* PBXContainerItemProxy */;
		};
		2D9864CA1E655EA1007DE884 /* PBXTargetDependency */ = {
			isa = PBXTargetDependency;
			target = 2D9864A31E655EA1007DE884 /* CYPhotoLibrary */;
			targetProxy = 2D9864C91E655EA1007DE884 /* PBXContainerItemProxy */;
		};
/* End PBXTargetDependency section */

/* Begin PBXVariantGroup section */
		2D9864B01E655EA1007DE884 /* Main.storyboard */ = {
			isa = PBXVariantGroup;
			children = (
				2D9864B11E655EA1007DE884 /* Base */,
			);
			name = Main.storyboard;
			sourceTree = "<group>";
		};
		2D9864B51E655EA1007DE884 /* LaunchScreen.storyboard */ = {
			isa = PBXVariantGroup;
			children = (
				2D9864B61E655EA1007DE884 /* Base */,
			);
			name = LaunchScreen.storyboard;
			sourceTree = "<group>";
		};
/* End PBXVariantGroup section */

/* Begin XCBuildConfiguration section */
		2D9864CF1E655EA1007DE884 /* Debug */ = {
			isa = XCBuildConfiguration;
			buildSettings = {
				ALWAYS_SEARCH_USER_PATHS = NO;
				CLANG_ANALYZER_NONNULL = YES;
				CLANG_CXX_LANGUAGE_STANDARD = "gnu++0x";
				CLANG_CXX_LIBRARY = "libc++";
				CLANG_ENABLE_MODULES = YES;
				CLANG_ENABLE_OBJC_ARC = YES;
				CLANG_WARN_BOOL_CONVERSION = YES;
				CLANG_WARN_CONSTANT_CONVERSION = YES;
				CLANG_WARN_DIRECT_OBJC_ISA_USAGE = YES_ERROR;
				CLANG_WARN_DOCUMENTATION_COMMENTS = YES;
				CLANG_WARN_EMPTY_BODY = YES;
				CLANG_WARN_ENUM_CONVERSION = YES;
				CLANG_WARN_INFINITE_RECURSION = YES;
				CLANG_WARN_INT_CONVERSION = YES;
				CLANG_WARN_OBJC_ROOT_CLASS = YES_ERROR;
				CLANG_WARN_SUSPICIOUS_MOVE = YES;
				CLANG_WARN_UNREACHABLE_CODE = YES;
				CLANG_WARN__DUPLICATE_METHOD_MATCH = YES;
				"CODE_SIGN_IDENTITY[sdk=iphoneos*]" = "iPhone Developer";
				COPY_PHASE_STRIP = NO;
				DEBUG_INFORMATION_FORMAT = dwarf;
				ENABLE_STRICT_OBJC_MSGSEND = YES;
				ENABLE_TESTABILITY = YES;
				GCC_C_LANGUAGE_STANDARD = gnu99;
				GCC_DYNAMIC_NO_PIC = NO;
				GCC_NO_COMMON_BLOCKS = YES;
				GCC_OPTIMIZATION_LEVEL = 0;
				GCC_PREPROCESSOR_DEFINITIONS = (
					"DEBUG=1",
					"$(inherited)",
				);
				GCC_WARN_64_TO_32_BIT_CONVERSION = YES;
				GCC_WARN_ABOUT_RETURN_TYPE = YES_ERROR;
				GCC_WARN_UNDECLARED_SELECTOR = YES;
				GCC_WARN_UNINITIALIZED_AUTOS = YES_AGGRESSIVE;
				GCC_WARN_UNUSED_FUNCTION = YES;
				GCC_WARN_UNUSED_VARIABLE = YES;
				IPHONEOS_DEPLOYMENT_TARGET = 10.2;
				MTL_ENABLE_DEBUG_INFO = YES;
				ONLY_ACTIVE_ARCH = YES;
				SDKROOT = iphoneos;
			};
			name = Debug;
		};
		2D9864D01E655EA1007DE884 /* Release */ = {
			isa = XCBuildConfiguration;
			buildSettings = {
				ALWAYS_SEARCH_USER_PATHS = NO;
				CLANG_ANALYZER_NONNULL = YES;
				CLANG_CXX_LANGUAGE_STANDARD = "gnu++0x";
				CLANG_CXX_LIBRARY = "libc++";
				CLANG_ENABLE_MODULES = YES;
				CLANG_ENABLE_OBJC_ARC = YES;
				CLANG_WARN_BOOL_CONVERSION = YES;
				CLANG_WARN_CONSTANT_CONVERSION = YES;
				CLANG_WARN_DIRECT_OBJC_ISA_USAGE = YES_ERROR;
				CLANG_WARN_DOCUMENTATION_COMMENTS = YES;
				CLANG_WARN_EMPTY_BODY = YES;
				CLANG_WARN_ENUM_CONVERSION = YES;
				CLANG_WARN_INFINITE_RECURSION = YES;
				CLANG_WARN_INT_CONVERSION = YES;
				CLANG_WARN_OBJC_ROOT_CLASS = YES_ERROR;
				CLANG_WARN_SUSPICIOUS_MOVE = YES;
				CLANG_WARN_UNREACHABLE_CODE = YES;
				CLANG_WARN__DUPLICATE_METHOD_MATCH = YES;
				"CODE_SIGN_IDENTITY[sdk=iphoneos*]" = "iPhone Developer";
				COPY_PHASE_STRIP = NO;
				DEBUG_INFORMATION_FORMAT = "dwarf-with-dsym";
				ENABLE_NS_ASSERTIONS = NO;
				ENABLE_STRICT_OBJC_MSGSEND = YES;
				GCC_C_LANGUAGE_STANDARD = gnu99;
				GCC_NO_COMMON_BLOCKS = YES;
				GCC_WARN_64_TO_32_BIT_CONVERSION = YES;
				GCC_WARN_ABOUT_RETURN_TYPE = YES_ERROR;
				GCC_WARN_UNDECLARED_SELECTOR = YES;
				GCC_WARN_UNINITIALIZED_AUTOS = YES_AGGRESSIVE;
				GCC_WARN_UNUSED_FUNCTION = YES;
				GCC_WARN_UNUSED_VARIABLE = YES;
				IPHONEOS_DEPLOYMENT_TARGET = 10.2;
				MTL_ENABLE_DEBUG_INFO = NO;
				SDKROOT = iphoneos;
				VALIDATE_PRODUCT = YES;
			};
			name = Release;
		};
		2D9864D21E655EA1007DE884 /* Debug */ = {
			isa = XCBuildConfiguration;
			baseConfigurationReference = DBD932DF5B96BFF459BF6D03 /* Pods-CYPhotoLibrary.debug.xcconfig */;
			buildSettings = {
				ASSETCATALOG_COMPILER_APPICON_NAME = AppIcon;
				DEVELOPMENT_TEAM = XD3776868Q;
				GCC_PRECOMPILE_PREFIX_HEADER = YES;
				GCC_PREFIX_HEADER = "$(SRCROOT)/CYPhotoLibrary/PrefixHeader.pch";
				INFOPLIST_FILE = CYPhotoLibrary/Info.plist;
				LD_RUNPATH_SEARCH_PATHS = "$(inherited) @executable_path/Frameworks";
				PRODUCT_BUNDLE_IDENTIFIER = com.photolibrary.demo.CYPhotoLibrary;
				PRODUCT_NAME = "$(TARGET_NAME)";
			};
			name = Debug;
		};
		2D9864D31E655EA1007DE884 /* Release */ = {
			isa = XCBuildConfiguration;
			baseConfigurationReference = 2D8B7A872729C76480C09B53 /* Pods-CYPhotoLibrary.release.xcconfig */;
			buildSettings = {
				ASSETCATALOG_COMPILER_APPICON_NAME = AppIcon;
				DEVELOPMENT_TEAM = XD3776868Q;
				GCC_PRECOMPILE_PREFIX_HEADER = YES;
				GCC_PREFIX_HEADER = "$(SRCROOT)/CYPhotoLibrary/PrefixHeader.pch";
				INFOPLIST_FILE = CYPhotoLibrary/Info.plist;
				LD_RUNPATH_SEARCH_PATHS = "$(inherited) @executable_path/Frameworks";
				PRODUCT_BUNDLE_IDENTIFIER = com.photolibrary.demo.CYPhotoLibrary;
				PRODUCT_NAME = "$(TARGET_NAME)";
			};
			name = Release;
		};
		2D9864D51E655EA1007DE884 /* Debug */ = {
			isa = XCBuildConfiguration;
			buildSettings = {
				BUNDLE_LOADER = "$(TEST_HOST)";
				DEVELOPMENT_TEAM = XD3776868Q;
				INFOPLIST_FILE = CYPhotoLibraryTests/Info.plist;
				LD_RUNPATH_SEARCH_PATHS = "$(inherited) @executable_path/Frameworks @loader_path/Frameworks";
				PRODUCT_BUNDLE_IDENTIFIER = com.photolibrary.demo.CYPhotoLibraryTests;
				PRODUCT_NAME = "$(TARGET_NAME)";
				TEST_HOST = "$(BUILT_PRODUCTS_DIR)/CYPhotoLibrary.app/CYPhotoLibrary";
			};
			name = Debug;
		};
		2D9864D61E655EA1007DE884 /* Release */ = {
			isa = XCBuildConfiguration;
			buildSettings = {
				BUNDLE_LOADER = "$(TEST_HOST)";
				DEVELOPMENT_TEAM = XD3776868Q;
				INFOPLIST_FILE = CYPhotoLibraryTests/Info.plist;
				LD_RUNPATH_SEARCH_PATHS = "$(inherited) @executable_path/Frameworks @loader_path/Frameworks";
				PRODUCT_BUNDLE_IDENTIFIER = com.photolibrary.demo.CYPhotoLibraryTests;
				PRODUCT_NAME = "$(TARGET_NAME)";
				TEST_HOST = "$(BUILT_PRODUCTS_DIR)/CYPhotoLibrary.app/CYPhotoLibrary";
			};
			name = Release;
		};
		2D9864D81E655EA1007DE884 /* Debug */ = {
			isa = XCBuildConfiguration;
			buildSettings = {
				DEVELOPMENT_TEAM = XD3776868Q;
				INFOPLIST_FILE = CYPhotoLibraryUITests/Info.plist;
				LD_RUNPATH_SEARCH_PATHS = "$(inherited) @executable_path/Frameworks @loader_path/Frameworks";
				PRODUCT_BUNDLE_IDENTIFIER = com.photolibrary.demo.CYPhotoLibraryUITests;
				PRODUCT_NAME = "$(TARGET_NAME)";
				TEST_TARGET_NAME = CYPhotoLibrary;
			};
			name = Debug;
		};
		2D9864D91E655EA1007DE884 /* Release */ = {
			isa = XCBuildConfiguration;
			buildSettings = {
				DEVELOPMENT_TEAM = XD3776868Q;
				INFOPLIST_FILE = CYPhotoLibraryUITests/Info.plist;
				LD_RUNPATH_SEARCH_PATHS = "$(inherited) @executable_path/Frameworks @loader_path/Frameworks";
				PRODUCT_BUNDLE_IDENTIFIER = com.photolibrary.demo.CYPhotoLibraryUITests;
				PRODUCT_NAME = "$(TARGET_NAME)";
				TEST_TARGET_NAME = CYPhotoLibrary;
			};
			name = Release;
		};
/* End XCBuildConfiguration section */

/* Begin XCConfigurationList section */
		2D98649F1E655EA1007DE884 /* Build configuration list for PBXProject "CYPhotoLibrary" */ = {
			isa = XCConfigurationList;
			buildConfigurations = (
				2D9864CF1E655EA1007DE884 /* Debug */,
				2D9864D01E655EA1007DE884 /* Release */,
			);
			defaultConfigurationIsVisible = 0;
			defaultConfigurationName = Release;
		};
		2D9864D11E655EA1007DE884 /* Build configuration list for PBXNativeTarget "CYPhotoLibrary" */ = {
			isa = XCConfigurationList;
			buildConfigurations = (
				2D9864D21E655EA1007DE884 /* Debug */,
				2D9864D31E655EA1007DE884 /* Release */,
			);
			defaultConfigurationIsVisible = 0;
			defaultConfigurationName = Release;
		};
		2D9864D41E655EA1007DE884 /* Build configuration list for PBXNativeTarget "CYPhotoLibraryTests" */ = {
			isa = XCConfigurationList;
			buildConfigurations = (
				2D9864D51E655EA1007DE884 /* Debug */,
				2D9864D61E655EA1007DE884 /* Release */,
			);
			defaultConfigurationIsVisible = 0;
			defaultConfigurationName = Release;
		};
		2D9864D71E655EA1007DE884 /* Build configuration list for PBXNativeTarget "CYPhotoLibraryUITests" */ = {
			isa = XCConfigurationList;
			buildConfigurations = (
				2D9864D81E655EA1007DE884 /* Debug */,
				2D9864D91E655EA1007DE884 /* Release */,
			);
			defaultConfigurationIsVisible = 0;
			defaultConfigurationName = Release;
		};
/* End XCConfigurationList section */
	};
	rootObject = 2D98649C1E655EA1007DE884 /* Project object */;
}
